lockfile_version: '1'
generated_at: '2026-07-01T02:11:11.266268+00:00'
dependencies: []
local_deployed_files:
- .claude/skills/tac-bugfix
- .claude/skills/tac-bugfix/SKILL.md
- .claude/skills/tac-commit-review
- .claude/skills/tac-commit-review/SKILL.md
- .claude/skills/tac-commit-review/scripts/tac-check-commit-format.sh
- .claude/skills/tac-create-skill
- .claude/skills/tac-create-skill/SKILL.md
- .claude/skills/tac-create-skill/references/agent-skill-complete-guide.md
- .claude/skills/tac-create-skill/references/description-and-frontmatter.md
- .claude/skills/tac-create-skill/references/instruction-patterns.md
- .claude/skills/tac-domain-design
- .claude/skills/tac-domain-design/SKILL.md
- .claude/skills/tac-domain-design/references/derivation-method.md
- .claude/skills/tac-domain-design/templates/业务与领域设计.template.md
- .claude/skills/tac-experience-distill
- .claude/skills/tac-experience-distill/SKILL.md
- .claude/skills/tac-experience-distill/scripts/tac-check-team-status-expiry.sh
- .claude/skills/tac-feature
- .claude/skills/tac-feature-analysis
- .claude/skills/tac-feature-analysis/SKILL.md
- .claude/skills/tac-feature-analysis/references/acceptance-reviewer-prompt.md
- .claude/skills/tac-feature-analysis/references/cross-stage-consistency.md
- .claude/skills/tac-feature-analysis/references/dld-reviewer-prompt.md
- .claude/skills/tac-feature-analysis/references/maintenance-mode.md
- .claude/skills/tac-feature-analysis/references/stage-1-business-domain.md
- .claude/skills/tac-feature-analysis/references/stage-2-high-level-design.md
- .claude/skills/tac-feature-analysis/references/stage-3-detailed-design.md
- .claude/skills/tac-feature-analysis/references/stage-4-acceptance.md
- .claude/skills/tac-feature-analysis/references/templates/业务与领域设计.template.md
- .claude/skills/tac-feature-analysis/references/templates/软件概要设计.template.md
- .claude/skills/tac-feature-analysis/references/templates/软件详细设计.template.md
- .claude/skills/tac-feature-analysis/references/templates/软件验收标准.template.md
- .claude/skills/tac-feature/SKILL.md
- .claude/skills/tac-governance-constitution
- .claude/skills/tac-governance-constitution/SKILL.md
- .claude/skills/tac-governance-constitution/templates/android-system-design-constitution.md.tpl
- .claude/skills/tac-governance-constitution/templates/constitution.md.tpl
- .claude/skills/tac-governance-constitution/templates/input-quality-constitution.md.tpl
- .claude/skills/tac-governance-constitution/templates/kotlin-coding-constitution.md.tpl
- .claude/skills/tac-governance-project
- .claude/skills/tac-governance-project/SKILL.md
- .claude/skills/tac-hld
- .claude/skills/tac-hld/SKILL.md
- .claude/skills/tac-hld/references/consistency-with-domain-design.md
- .claude/skills/tac-hld/references/derivation-method.md
- .claude/skills/tac-hld/templates/软件概要设计.template.md
- .claude/skills/tac-lld
- .claude/skills/tac-lld/SKILL.md
- .claude/skills/tac-lld/references/consistency-with-hld.md
- .claude/skills/tac-lld/references/derivation-method.md
- .claude/skills/tac-lld/references/lld-reviewer-prompt.md
- .claude/skills/tac-lld/templates/软件详细设计.template.md
- .claude/skills/tac-maestro-case
- .claude/skills/tac-maestro-case/SKILL.md
- .claude/skills/tac-maestro-case/prompts/case-writer.prompt.md
- .claude/skills/tac-maestro-case/references/coverage-matrix-guide.md
- .claude/skills/tac-maestro-case/references/selector-stability.md
- .claude/skills/tac-maestro-case/references/workflow-boundary.md
- .claude/skills/tac-maestro-case/templates/test-case.template.md
- .claude/skills/tac-maestro-run
- .claude/skills/tac-maestro-run/SKILL.md
- .claude/skills/tac-maestro-run/prompts/execution-validator.prompt.md
- .claude/skills/tac-maestro-run/references/device-setup.md
- .claude/skills/tac-maestro-run/references/execution-artifacts.md
- .claude/skills/tac-maestro-run/scripts/tac_create_bug_from_maestro_result.py
- .claude/skills/tac-maestro-run/scripts/tac_run_maestro_selftest.py
- .claude/skills/tac-maestro-run/scripts/test_tnv_run_maestro_selftest.py
- .claude/skills/tac-nexus-dependency
- .claude/skills/tac-nexus-dependency/SKILL.md
- .claude/skills/tac-nexus-dependency/scripts/add_nexus_dependency.py
- .claude/skills/tac-nexus-dependency/scripts/find_nexus_versions.py
- .claude/skills/tac-release-gate-check
- .claude/skills/tac-release-gate-check/SKILL.md
- .claude/skills/tac-release-gate-check/references/check-method.md
- .claude/skills/tac-release-gate-check/references/quality-evidence.md
- .claude/skills/tac-release-gate-check/scripts/validate_release_gate.py
- .claude/skills/tac-release-gate-check/templates/准出审核报告.template.md
- .claude/skills/tac-release-gate-generate
- .claude/skills/tac-release-gate-generate/SKILL.md
- .claude/skills/tac-release-gate-generate/references/derivation-method.md
- .claude/skills/tac-release-gate-generate/references/quality-dimensions.md
- .claude/skills/tac-release-gate-generate/scripts/validate_release_gate.py
- .claude/skills/tac-release-gate-generate/templates/准出标准.template.md
- .claude/skills/tac-requirement-decomposition
- .claude/skills/tac-requirement-decomposition/SKILL.md
- .claude/skills/tac-requirement-decomposition/SKILL使用指南.md
- .claude/skills/tac-requirement-decomposition/assets/decomposition-index.template.yaml
- .claude/skills/tac-requirement-decomposition/assets/function-tree.template.md
- .claude/skills/tac-requirement-decomposition/assets/overview.template.md
- .claude/skills/tac-requirement-decomposition/assets/story-readme.template.md
- .claude/skills/tac-requirement-decomposition/references/anti-patterns.md
- .claude/skills/tac-requirement-decomposition/references/methodology-core.md
- .claude/skills/tac-requirement-decomposition/references/output-structure-spec.md
- .claude/skills/tac-requirement-decomposition/references/quality-gate-checklist.md
- .claude/skills/tac-requirement-decomposition/references/scenario-guide.md
- .claude/skills/tac-spec-review
- .claude/skills/tac-spec-review/SKILL.md
- .claude/skills/tac-team-status
- .claude/skills/tac-team-status/SKILL.md
- .claude/skills/tac-team-status/scripts/tac-check-team-status-expiry.sh
- .claude/skills/tac-testcase-plan
- .claude/skills/tac-testcase-plan/SKILL.md
- .claude/skills/tac-testcase-plan/agents/openai.yaml
- .claude/skills/tac-testcase-plan/references/plan-template.md
- .claude/skills/tac-ui-mastergo
- .claude/skills/tac-ui-mastergo-test
- .claude/skills/tac-ui-mastergo-test/SKILL.md
- .claude/skills/tac-ui-mastergo-test/references/evaluation_contract.md
- .claude/skills/tac-ui-mastergo-test/references/style_standardization_raw_dsl.json
- .claude/skills/tac-ui-mastergo-test/references/style_standardization_regression_case.json
- .claude/skills/tac-ui-mastergo-test/scripts/run_icon_placeholder_regression.py
- .claude/skills/tac-ui-mastergo-test/scripts/run_mastergogogo_validation.py
- .claude/skills/tac-ui-mastergo-test/scripts/run_style_standardization_regression.py
- .claude/skills/tac-ui-mastergo/.DS_Store
- .claude/skills/tac-ui-mastergo/SKILL.md
- .claude/skills/tac-ui-mastergo/prompts/fact_clarification.md
- .claude/skills/tac-ui-mastergo/prompts/handoff_facts.md
- .claude/skills/tac-ui-mastergo/prompts/layout_android_xml.md
- .claude/skills/tac-ui-mastergo/prompts/recursive_blueprint.md
- .claude/skills/tac-ui-mastergo/prompts/render_plan.md
- .claude/skills/tac-ui-mastergo/references/01_data_acquisition.md
- .claude/skills/tac-ui-mastergo/references/02_asset_processing.md
- .claude/skills/tac-ui-mastergo/references/03_blueprint_guide.md
- .claude/skills/tac-ui-mastergo/references/04_dsl_schema.md
- .claude/skills/tac-ui-mastergo/references/05_widget_registry_query.md
- .claude/skills/tac-ui-mastergo/references/libraries/caui/provider.json
- .claude/skills/tac-ui-mastergo/references/libraries/caui/widget_registry.snapshot.json
- .claude/skills/tac-ui-mastergo/references/libraries/caui/widget_semantic_rules.json
- .claude/skills/tac-ui-mastergo/references/libraries/wt/provider.json
- .claude/skills/tac-ui-mastergo/references/libraries/wt/widget_registry.snapshot.json
- .claude/skills/tac-ui-mastergo/references/library_config.json
- .claude/skills/tac-ui-mastergo/references/mode_a_workflow.md
- .claude/skills/tac-ui-mastergo/references/mode_b_workflow.md
- .claude/skills/tac-ui-mastergo/references/widget_registry.snapshot.json
- .claude/skills/tac-ui-mastergo/references/widget_semantic_rules.json
- .claude/skills/tac-ui-mastergo/scripts/mastergo_utils.py
- .claude/skills/tac-ui-mastergo/scripts/pipeline/analyze_structure.py
- .claude/skills/tac-ui-mastergo/scripts/pipeline/apply_text_mapping.py
- .claude/skills/tac-ui-mastergo/scripts/pipeline/build_widget_registry.py
- .claude/skills/tac-ui-mastergo/scripts/pipeline/extract_assets.py
- .claude/skills/tac-ui-mastergo/scripts/pipeline/extract_semantic_mapping.py
- .claude/skills/tac-ui-mastergo/scripts/pipeline/extract_skeleton.py
- .claude/skills/tac-ui-mastergo/scripts/pipeline/extract_tokens.py
- .claude/skills/tac-ui-mastergo/scripts/pipeline/getdsl_to_file.py
- .claude/skills/tac-ui-mastergo/scripts/pipeline/lint_layout.py
- .claude/skills/tac-ui-mastergo/scripts/pipeline/pipeline.py
- .claude/skills/tac-ui-mastergo/scripts/pipeline/test_build_widget_registry.py
- .claude/skills/tac-ui-mastergo/scripts/pipeline/test_extract_semantic_mapping.py
- .claude/skills/tac-ui-mastergo/scripts/pipeline/test_pipeline.py
- .claude/skills/tac-ui-mastergo/scripts/pipeline/validate_handoff.py
- .claude/skills/tac-ui-mastergo/scripts/query/dsl_query.py
- .claude/skills/tac-ui-mastergo/scripts/query/query_semantic_mapping.py
- .claude/skills/tac-ui-mastergo/scripts/query/query_widget_registry.py
- .claude/skills/tac-ui-mastergo/scripts/query/test_dsl_query.py
- .claude/skills/tac-ui-mastergo/scripts/query/test_query_semantic_mapping.py
- .claude/skills/tac-ui-mastergo/templates/handoff_prompt.md
- .claude/skills/tac-ui-mastergo/templates/mode_a_summary.md
- .claude/skills/tac-ui-mastergo/templates/page_ui_spec.md
- .claude/skills/tac-ux-mastergo
- .claude/skills/tac-ux-mastergo/SKILL.md
- .claude/skills/tac-ux-mastergo/references/capability_registry.md
- .claude/skills/tac-ux-mastergo/references/mode_a_workflow.md
- .claude/skills/tac-ux-mastergo/references/mode_b_workflow.md
- .claude/skills/tac-ux-mastergo/references/mode_c_maintenance_workflow.md
- .claude/skills/tac-ux-mastergo/references/operating_model.md
- .claude/skills/tac-ux-mastergo/references/repo_examples.md
- .claude/skills/tac-ux-mastergo/scripts/cache_dsl.py
- .claude/skills/tac-ux-mastergo/scripts/gen_confirmation_sheet.py
- .claude/skills/tac-ux-mastergo/scripts/intake_layer_inventory.py
- .claude/skills/tac-ux-mastergo/scripts/replay_confirmation.py
- .claude/skills/tac-ux-mastergo/scripts/validate_iteration.py
- .claude/skills/tac-ux-mastergo/scripts/validate_ux_gate.py
- .claude/skills/tac-ux-mastergo/scripts/validate_ux_handoff.py
- .claude/skills/tac-ux-mastergo/templates/ux_confirmation_sheet_spec.md
- .claude/skills/tac-ux-mastergo/templates/ux_handoff.md
- .claude/skills/tac-ux-mastergo/templates/ux_handoff_index.md
local_deployed_file_hashes:
  .claude/skills/tac-bugfix/SKILL.md: sha256:58ca3bf69353f8ec700b948ca4b73881c1eee8d14bba64678f625435574c4b6f
  .claude/skills/tac-commit-review/SKILL.md: sha256:ca15125d3ef34afc0468b5591d4b072ff7fe685bd01c59e48f48e1ad4c6e7072
  .claude/skills/tac-commit-review/scripts/tac-check-commit-format.sh: sha256:0f13e35e92e38719da901d8831b369f13251c19c3290f869cc22d24d773ab633
  .claude/skills/tac-create-skill/SKILL.md: sha256:04fb4497f0a917e218be16a50fb74171ceb49c13077ccd20896fa1700a5a5eaa
  .claude/skills/tac-create-skill/references/agent-skill-complete-guide.md: sha256:1da13fa6e299f8003006ec64fc8b18c37856b9ef71dd2174e2a6dabdd449725a
  .claude/skills/tac-create-skill/references/description-and-frontmatter.md: sha256:54a865786a28cc3bbde71ded9dd574ddff906700e9a93355317dbaf0ba6a770f
  .claude/skills/tac-create-skill/references/instruction-patterns.md: sha256:9ae1a94c67865a892eb29888daca9b76d7f341cfa18ff353761fcf840779cf28
  .claude/skills/tac-domain-design/SKILL.md: sha256:269136a7e75bf4f552cdd35adf72898024f4bc537d8161590a6cecfb67bbda1f
  .claude/skills/tac-domain-design/references/derivation-method.md: sha256:50973e97bb7604c3d7cc883512d21bf8eb1acc9f0bcdd50c6969f4ce920cdbd1
  .claude/skills/tac-domain-design/templates/业务与领域设计.template.md: sha256:8b603fe74b05902da74c4df3a5641a06fb3d6c0b8ba665bbf75a56a6a680683d
  .claude/skills/tac-experience-distill/SKILL.md: sha256:947322192c3f1be31699683d314d3145bc00d4314dde05321dc540e48e2665dc
  .claude/skills/tac-experience-distill/scripts/tac-check-team-status-expiry.sh: sha256:33261099a8912b27887b4ce8c7aa81cafe16f3ba702b3b38f7dbfb21c0432f4e
  .claude/skills/tac-feature-analysis/SKILL.md: sha256:00d6082b4163d86e934f9f0c1e07542a6edc9a8f0c9e4a221b2d7f37236b3dfc
  .claude/skills/tac-feature-analysis/references/acceptance-reviewer-prompt.md: sha256:b3ba0c250b2e1c0f2e4bbaff9d9e8383facce9c5a6d39c421fa87822b1956945
  .claude/skills/tac-feature-analysis/references/cross-stage-consistency.md: sha256:f1f483340ce9caf36cd1afd221267ead98266b40fd90c79d6fcbe8320e8f41da
  .claude/skills/tac-feature-analysis/references/dld-reviewer-prompt.md: sha256:19b2e3646d51b333b55bb8f9640438ce2edcbb64504da5d619f90da2d3bd8ac8
  .claude/skills/tac-feature-analysis/references/maintenance-mode.md: sha256:a090f3e551e12d9bbcdeac5f0e4dce753bddafe1efccf3230adca5986ba9b02f
  .claude/skills/tac-feature-analysis/references/stage-1-business-domain.md: sha256:5f3965a1cdc52c0bb1b5efdc8ad5edb0faf4deaf3a79dab4a46dcb326727e4d3
  .claude/skills/tac-feature-analysis/references/stage-2-high-level-design.md: sha256:7442513e53b0c3c77559e0127abc4061668b2ceaf3a0c8a7fccc6d0d1f549ac4
  .claude/skills/tac-feature-analysis/references/stage-3-detailed-design.md: sha256:04838e48a1482470c32321c90787126bb9abacdf822c1a0d95065527273bf3d1
  .claude/skills/tac-feature-analysis/references/stage-4-acceptance.md: sha256:95db68d7d2492ca910036445ab020056102a59ebae16e4062f3864ef28844d2a
  .claude/skills/tac-feature-analysis/references/templates/业务与领域设计.template.md: sha256:8b603fe74b05902da74c4df3a5641a06fb3d6c0b8ba665bbf75a56a6a680683d
  .claude/skills/tac-feature-analysis/references/templates/软件概要设计.template.md: sha256:07cef56ca898d315395a9123cce7ea6966878f35bbf57a43f73582c5ceccf21c
  .claude/skills/tac-feature-analysis/references/templates/软件详细设计.template.md: sha256:f4ac7cbf242bdf41b572f1ac24e4e7996bf6599d2997223184ab343f4a608c6a
  .claude/skills/tac-feature-analysis/references/templates/软件验收标准.template.md: sha256:b368bbfcd4f7e010dc72e628990d0ea3d2257e1067cee8a0cdd5c97c0071e263
  .claude/skills/tac-feature/SKILL.md: sha256:6d2fc5c0f97885613b15736b72559be7dd4b8f3d86569eef73cd425d8ade0247
  .claude/skills/tac-governance-constitution/SKILL.md: sha256:c6cfe4d4bf572f152360f1877845baca644f58d59213ff09065c5d7413936c44
  .claude/skills/tac-governance-constitution/templates/android-system-design-constitution.md.tpl: sha256:5578b3400875a3d95e7ceab8e531f2751317051670a473eb3d1432d883505fcd
  .claude/skills/tac-governance-constitution/templates/constitution.md.tpl: sha256:453a25d0944bfd98be3f70c2418a8de3240c09ef7f4fbaba0c17d0256da24c0e
  .claude/skills/tac-governance-constitution/templates/input-quality-constitution.md.tpl: sha256:e6797d017f50eee3ef7490f026db8d7509118ca03c35bdf553898d2a5134e453
  .claude/skills/tac-governance-constitution/templates/kotlin-coding-constitution.md.tpl: sha256:080fbc28290de85c49d8171af2c1b890e69df9c27a19324529c3028cddb0c138
  .claude/skills/tac-governance-project/SKILL.md: sha256:d6db975e81d2f923c70770c970bec8f0f97d86df1e29d7433c0cd54a8fd5501a
  .claude/skills/tac-hld/SKILL.md: sha256:910fa2a980969fce17698652da19645a8c0ce753c52d985deff550151cb30bff
  .claude/skills/tac-hld/references/consistency-with-domain-design.md: sha256:8d18a2ed0ee59b85976af9c820122ae9070916796d4b0cb0778887f608aa88f1
  .claude/skills/tac-hld/references/derivation-method.md: sha256:86dc3cd42345142f8ef0d9e4d56ad73a19642a4fc6032f8d6560232b036ab543
  .claude/skills/tac-hld/templates/软件概要设计.template.md: sha256:07cef56ca898d315395a9123cce7ea6966878f35bbf57a43f73582c5ceccf21c
  .claude/skills/tac-lld/SKILL.md: sha256:946a9945d53b32f23c122b0bcb13255492e5b08ba0df2f4db242fc3081fcee96
  .claude/skills/tac-lld/references/consistency-with-hld.md: sha256:9f2904e5487f044e0bdad694b1227756dd4ed60e50d8237369aaf96d7e4b32c3
  .claude/skills/tac-lld/references/derivation-method.md: sha256:1c18913df223bd4dc9a3c441fcb3c3f2a188910bc4bc2fe0fb24e0d2cba8d039
  .claude/skills/tac-lld/references/lld-reviewer-prompt.md: sha256:30a9483b26627bdbbdc422cdac8676f48313765412126a85155c413d9c713693
  .claude/skills/tac-lld/templates/软件详细设计.template.md: sha256:f4ac7cbf242bdf41b572f1ac24e4e7996bf6599d2997223184ab343f4a608c6a
  .claude/skills/tac-maestro-case/SKILL.md: sha256:99dd1408c3f73cbfe8a44ea76de7924916aa639bd245d978716320f953a8d4fb
  .claude/skills/tac-maestro-case/prompts/case-writer.prompt.md: sha256:936272341e95a75c0d219a97293ba2b381b2d38918a7c84b5ffde6607609182f
  .claude/skills/tac-maestro-case/references/coverage-matrix-guide.md: sha256:e3556edd68e61a180579d4c369e028ccd9343f97d52fde54710882677f4ae777
  .claude/skills/tac-maestro-case/references/selector-stability.md: sha256:4388fae406dbe760ad44d951d835bbee0c770a0e69e8f5b5ebfd6ca2c053b6d3
  .claude/skills/tac-maestro-case/references/workflow-boundary.md: sha256:b5294f409c8bd45926b836c842e25e6fe51cf454a933f48e49654993db83fc93
  .claude/skills/tac-maestro-case/templates/test-case.template.md: sha256:c26c5087715bef6a23f038208a73f5fd8c084eac0cdbba486b55d4e5aac0291c
  .claude/skills/tac-maestro-run/SKILL.md: sha256:d3e484cbaee1ef2bfbbbad8531249d6b9ca1bf65011a8dc22e71674c8527dfe5
  .claude/skills/tac-maestro-run/prompts/execution-validator.prompt.md: sha256:8862d8e78a9a93b28a440e20f92dffd50ede782b0697505e49c0aa382d2021ff
  .claude/skills/tac-maestro-run/references/device-setup.md: sha256:1927f9ee2281b3a44f74825b762c5d2f060adbed65c325bf1a19c54eab4f94fd
  .claude/skills/tac-maestro-run/references/execution-artifacts.md: sha256:d09964f9a83e2c5ec868462741f253df8a816d00ee07650cced408d2c90e6958
  .claude/skills/tac-maestro-run/scripts/tac_create_bug_from_maestro_result.py: sha256:40aa4a66d7676fec8cacf8805b8136da0e9233c85ad66e691f0ed10dcfef9034
  .claude/skills/tac-maestro-run/scripts/tac_run_maestro_selftest.py: sha256:739040bed599cb00289e54d8491bfaed2d169b018b0e0c6e0eceb86400577d42
  .claude/skills/tac-maestro-run/scripts/test_tnv_run_maestro_selftest.py: sha256:7784604016415d162d1bcb765a87cbede295280e7b433c2c3ab221b1a168215a
  .claude/skills/tac-nexus-dependency/SKILL.md: sha256:b5774d1197d71349859f0fba2586f944c4c112b6e6122843ab659f1c81fee30e
  .claude/skills/tac-nexus-dependency/scripts/add_nexus_dependency.py: sha256:a6b87a5dcf4cfe70d1cd9db7a5a7c934a1afc99169cd4c3fb18038e8019f0114
  .claude/skills/tac-nexus-dependency/scripts/find_nexus_versions.py: sha256:c3d41c4477776a3ca38ac13b827fa951e40175e3945f05230795cb0bfd95944a
  .claude/skills/tac-release-gate-check/SKILL.md: sha256:e535547c31027456f3c8b0559f08299f5e7970c5b1ab9433842e854cc837a5de
  .claude/skills/tac-release-gate-check/references/check-method.md: sha256:520732c8c957ab0032178adfc006ecbbeda1d9b68e21102def58ec5b7ad4c2a0
  .claude/skills/tac-release-gate-check/references/quality-evidence.md: sha256:25f0d5f03b65624733e5ef552c27c8e8e2a7cfd16c5a75af8310876c9ced3eb9
  .claude/skills/tac-release-gate-check/scripts/validate_release_gate.py: sha256:8f4805c3e9dced6f89cdd64060cb85ae1639ab9f4f125abb2f484915a6f11527
  .claude/skills/tac-release-gate-check/templates/准出审核报告.template.md: sha256:6f821ff54c3dcfedf76ab78b49f62b4aa8e12e78651e99f08d27ffae5f25616c
  .claude/skills/tac-release-gate-generate/SKILL.md: sha256:de8f18c51bd53f498692f552c6828ff2b12e2128657b2716427a9c13f14ad9ae
  .claude/skills/tac-release-gate-generate/references/derivation-method.md: sha256:d5dcf4e7bc134f7a9153ee52fccee3441355423771fe8c3ec7921329e5bc4ada
  .claude/skills/tac-release-gate-generate/references/quality-dimensions.md: sha256:6b65b08c6600680f0c373149af1b98cfce15e1052dd8a64c25d65c6ba3138a97
  .claude/skills/tac-release-gate-generate/scripts/validate_release_gate.py: sha256:8f4805c3e9dced6f89cdd64060cb85ae1639ab9f4f125abb2f484915a6f11527
  .claude/skills/tac-release-gate-generate/templates/准出标准.template.md: sha256:8e93da2d4875e38cd36d82f55fd0049e04f7714705f4acb722fdbf01a52c3077
  .claude/skills/tac-requirement-decomposition/SKILL.md: sha256:95d9a59c9c8178e8c5963ee8d54a0693fc96a8e866c21070907203adffbf401d
  .claude/skills/tac-requirement-decomposition/SKILL使用指南.md: sha256:a840b758d75c245c89848ab32b8bbf7d9801e438aa2b7576eaee0f9a8215c07b
  .claude/skills/tac-requirement-decomposition/assets/decomposition-index.template.yaml: sha256:fdc26cf643fca99c3191f98610d74a2dcffae03e01555afc40cc8011b6e7ab0e
  .claude/skills/tac-requirement-decomposition/assets/function-tree.template.md: sha256:40b5d84081e5ee93d13bbca2d11ec50b88bb2f19c5a422d2ee3dfa5f3217ef65
  .claude/skills/tac-requirement-decomposition/assets/overview.template.md: sha256:7cd0db5a80d2d93243664033b841d5166dd750189294662a237aee6bacc62aad
  .claude/skills/tac-requirement-decomposition/assets/story-readme.template.md: sha256:01d357facd8770b5c653fe9e342576ef1cfaa8a8605a599dd48ae1433ddb0e74
  .claude/skills/tac-requirement-decomposition/references/anti-patterns.md: sha256:26d936515d354c39847e1a8955d25c88b4557fd70436f5367af2abee5299ec91
  .claude/skills/tac-requirement-decomposition/references/methodology-core.md: sha256:f08dccdd2c3575696621ba444ede7aa86373139d06c9106c043fafdfdb0527a1
  .claude/skills/tac-requirement-decomposition/references/output-structure-spec.md: sha256:701818fedde1377f9fabbb0a2ecab6e2856df957a651b75351b211884f50bcb3
  .claude/skills/tac-requirement-decomposition/references/quality-gate-checklist.md: sha256:b9c3b001ef5ec321715a41058ea3952e15f3d48ccc509855a2b10b789ec55965
  .claude/skills/tac-requirement-decomposition/references/scenario-guide.md: sha256:de031c7c7948e252bd39e990d563072f78b34e7809e70f8860b8a1dd4378ded9
  .claude/skills/tac-spec-review/SKILL.md: sha256:d30c0199c5c8941687cb2b9453755a9ba90bf8103ad55545652894f5af93b735
  .claude/skills/tac-team-status/SKILL.md: sha256:08b56a481a39183df02804a4d79794f94a1c47fc416f5d5c185b79b9fd4347a4
  .claude/skills/tac-team-status/scripts/tac-check-team-status-expiry.sh: sha256:33261099a8912b27887b4ce8c7aa81cafe16f3ba702b3b38f7dbfb21c0432f4e
  .claude/skills/tac-testcase-plan/SKILL.md: sha256:1175f8ec32ca68bbeb891ad98a26804a1ed38e9bcc78d6f246de361a63700087
  .claude/skills/tac-testcase-plan/agents/openai.yaml: sha256:ada69a8e3354ecea71fa1a3687a9f433d9c42dca27ea8cbc624d0631b045c8c2
  .claude/skills/tac-testcase-plan/references/plan-template.md: sha256:946ed8ec109836fe45618a71e6636a7b45453b12c27c624c7208d22525e11e13
  .claude/skills/tac-ui-mastergo-test/SKILL.md: sha256:827a62f73f29f2873f725fd4d02961265194a225528d54b8600076ea784cbce1
  .claude/skills/tac-ui-mastergo-test/references/evaluation_contract.md: sha256:f4e4a0c1d0b8afe0a5de3bc381a82d899b200be0055ec924f0d196d4491453a2
  .claude/skills/tac-ui-mastergo-test/references/style_standardization_raw_dsl.json: sha256:37168b6ac055da5280e0c7ff4f70215d132a3d405b223b9bac09d0c2f688836e
  .claude/skills/tac-ui-mastergo-test/references/style_standardization_regression_case.json: sha256:edfe489fad6c883baf4ce00bda371e6d10f6731791fb51d0a9edcf331f8f0da2
  .claude/skills/tac-ui-mastergo-test/scripts/run_icon_placeholder_regression.py: sha256:aad7b3147278b9982f29b0388cae08f765ce18e24b0955b5994f9dac3e46a775
  .claude/skills/tac-ui-mastergo-test/scripts/run_mastergogogo_validation.py: sha256:7d21e816c34c5faa0d1d062429830b6bfc51d2a386a8c16592422d28620fe3ca
  .claude/skills/tac-ui-mastergo-test/scripts/run_style_standardization_regression.py: sha256:4781641f0eb0c61b3376a4ae594ca4b64b4a237cbf0db9d409213e6913450f00
  .claude/skills/tac-ui-mastergo/.DS_Store: sha256:3b0ff4b45a95c689569146d56e6c76b0f56f4d2fe59beba7b49d2069546f7f96
  .claude/skills/tac-ui-mastergo/SKILL.md: sha256:6e68f67958794ac228f004cfb7ad32da13977d78ece79f4e68f9e368ae5fccb7
  .claude/skills/tac-ui-mastergo/prompts/fact_clarification.md: sha256:a4f3a1b0038679b146cb475c498bf7b15e13a1fa7051cc5a2cacee203bc887db
  .claude/skills/tac-ui-mastergo/prompts/handoff_facts.md: sha256:9d834071a6cd99f13131aa73528ace3206faf362548296ee37acaa35a283d782
  .claude/skills/tac-ui-mastergo/prompts/layout_android_xml.md: sha256:dd20c7b605e77f8c829e1908a0fe3f67bd207e0068c5a2765fb2be9f925023c2
  .claude/skills/tac-ui-mastergo/prompts/recursive_blueprint.md: sha256:637e2b11be9b05c0807f0391b290f9c4ffa1bd800a4fc3bf288a6e39883cab19
  .claude/skills/tac-ui-mastergo/prompts/render_plan.md: sha256:cba6e639207bde6dfe664675b8a65f9a5b84915648a74517a7e3b219ccebf5dd
  .claude/skills/tac-ui-mastergo/references/01_data_acquisition.md: sha256:18895567a37389c7f8bbef8a9a5c003bd6989c60b8c7b92a57e623194865fc60
  .claude/skills/tac-ui-mastergo/references/02_asset_processing.md: sha256:85e644cb6f6f5528d0d6856d62df533451ac6ff28af4dfa1a5c0b4479d9aa1cc
  .claude/skills/tac-ui-mastergo/references/03_blueprint_guide.md: sha256:e604003d35ef753eef39274aee4b27d5411caeb4ae21c6de696fcc6e09784014
  .claude/skills/tac-ui-mastergo/references/04_dsl_schema.md: sha256:b405d261ff1dc9c86fa2c481c2c363bceae230408e16e601dadbbdb7a56f1c12
  .claude/skills/tac-ui-mastergo/references/05_widget_registry_query.md: sha256:d9a8dcb3cad4111d16b3bf4ecf23046c270ed5e4b86bf17478408e2ffabcb581
  .claude/skills/tac-ui-mastergo/references/libraries/caui/provider.json: sha256:f7f2b6e0539e53a949fc591dc67d338d66d9fd89d137a1b8928889c3641c5d0b
  .claude/skills/tac-ui-mastergo/references/libraries/caui/widget_registry.snapshot.json: sha256:533b259101a5501afd555f736e3956252dda2d431045efb6b4d99d72b118b962
  .claude/skills/tac-ui-mastergo/references/libraries/caui/widget_semantic_rules.json: sha256:09b1f5916886b8c32bc39ef259d313db7a7b8dcc5350f25ad286aa45307b1d2a
  .claude/skills/tac-ui-mastergo/references/libraries/wt/provider.json: sha256:e9aa83c8e8a021d9c473cb5ce254f4b86a8962b101e7e02a6fbd535d6ef3f73e
  .claude/skills/tac-ui-mastergo/references/libraries/wt/widget_registry.snapshot.json: sha256:cbd221f3de2ae2bded6780439bfcdfb417bfd5811d6046d161a5075248658579
  .claude/skills/tac-ui-mastergo/references/library_config.json: sha256:73ebde56723449701040f71e81dc4cec7aec7f2a1255d8e5ace414370db1b66d
  .claude/skills/tac-ui-mastergo/references/mode_a_workflow.md: sha256:6b2cb30c43b1f92b3fb22ba5470b7d353880f24db21b4b55c6089feeb367e605
  .claude/skills/tac-ui-mastergo/references/mode_b_workflow.md: sha256:4629a368e3b65bb622e37a34e85570d194220af5ec069401b0efcaf1a0affa4e
  .claude/skills/tac-ui-mastergo/references/widget_registry.snapshot.json: sha256:533b259101a5501afd555f736e3956252dda2d431045efb6b4d99d72b118b962
  .claude/skills/tac-ui-mastergo/references/widget_semantic_rules.json: sha256:45ddab483239d48415318775859e5462241fe4770f12fe584a9dcee32553b1d0
  .claude/skills/tac-ui-mastergo/scripts/mastergo_utils.py: sha256:fe88f319e2f6e570fa2c0154d4d8267782f67544d8e7f1ee0b0effcf99641410
  .claude/skills/tac-ui-mastergo/scripts/pipeline/analyze_structure.py: sha256:1a3ead66c07e58dad32b20b832809ec57b537a1f8fb66d6210c606e8065ef1b7
  .claude/skills/tac-ui-mastergo/scripts/pipeline/apply_text_mapping.py: sha256:3e03d552acda9e9c8e15fc8fa3c62904b201671ec87b401bd9e9892c00474c4b
  .claude/skills/tac-ui-mastergo/scripts/pipeline/build_widget_registry.py: sha256:11a08ceef5fbb803d29fe620ac9e10d22f3fcf86cc0466b5a6640aae49030dc2
  .claude/skills/tac-ui-mastergo/scripts/pipeline/extract_assets.py: sha256:c4830f31c7214bc02c2019c9e5384c189fe29999eae772dd3b0adeb23df5931c
  .claude/skills/tac-ui-mastergo/scripts/pipeline/extract_semantic_mapping.py: sha256:2c5400d4e30868df552f96c79e699afc1d8216a9db6def16018ad30d1d932275
  .claude/skills/tac-ui-mastergo/scripts/pipeline/extract_skeleton.py: sha256:c3f1f20edca4e184071c3bdd6f5c06231dc3f227e711234f04a75eb8c0462a6c
  .claude/skills/tac-ui-mastergo/scripts/pipeline/extract_tokens.py: sha256:4b761218b26f8821b6638c8e3a1a10c43c16d5da125451faa11c4f97bedfe282
  .claude/skills/tac-ui-mastergo/scripts/pipeline/getdsl_to_file.py: sha256:6ccc4d178cc75680c0027c9e5033ef60ca39d2b506eeb45a0ded456e4d6df7e8
  .claude/skills/tac-ui-mastergo/scripts/pipeline/lint_layout.py: sha256:e5953abfb0532b833c6b5247cb5b0750905bd1c9b0d909cd251b1e69b63ec27a
  .claude/skills/tac-ui-mastergo/scripts/pipeline/pipeline.py: sha256:d3004a50f1c964fed1c2438c2a48f8f14e59b8ceea10f0abdad2cae16532e54b
  .claude/skills/tac-ui-mastergo/scripts/pipeline/test_build_widget_registry.py: sha256:ad128227da815d94bb89dce93676d853ae13dd8cf3fe8113196e333f44284ffe
  .claude/skills/tac-ui-mastergo/scripts/pipeline/test_extract_semantic_mapping.py: sha256:589fc239e360e31a810749c0cc0defe124d0f593cc3537256c42cf8d407e3bf6
  .claude/skills/tac-ui-mastergo/scripts/pipeline/test_pipeline.py: sha256:e7eb60c9c573dd02780476a64f3cb7a527d2a10bedcfe07c7ef4b6d6d20a20a6
  .claude/skills/tac-ui-mastergo/scripts/pipeline/validate_handoff.py: sha256:21ec6c34561c5989ac20158b157e34cd68fdb09dbe0271e649f63505f2e3bf61
  .claude/skills/tac-ui-mastergo/scripts/query/dsl_query.py: sha256:bd441401eba55b196d67f7366c721aeaf00b77c9e19d9c76c4492d4d753887f8
  .claude/skills/tac-ui-mastergo/scripts/query/query_semantic_mapping.py: sha256:b479901cc08026d68a78367b03acac0d0422ca9cd79fb96d87e1573784fba926
  .claude/skills/tac-ui-mastergo/scripts/query/query_widget_registry.py: sha256:c99053010ff969e4a2e66300a7229e92ba76ae9c5c9b743e04572829d33f46d2
  .claude/skills/tac-ui-mastergo/scripts/query/test_dsl_query.py: sha256:08e654cf2176267da81c0a516b2d1a6ab7c2e5938bc84bc3ff480ae00bdea627
  .claude/skills/tac-ui-mastergo/scripts/query/test_query_semantic_mapping.py: sha256:1def61344ba87da40b1366041f749547dbf3295d4d30d1f62742f82b12ee91f6
  .claude/skills/tac-ui-mastergo/templates/handoff_prompt.md: sha256:ee3c148a1172e62fa57224258e838e46dfc5ddf1d54fb5cbd0c18932f609231e
  .claude/skills/tac-ui-mastergo/templates/mode_a_summary.md: sha256:54422edd620df1f7b36f8db2be3987514dc97087bbf13285a46096418e082cfc
  .claude/skills/tac-ui-mastergo/templates/page_ui_spec.md: sha256:ac19c08578279f213043df85daac871732e7f226a34941fca0aec23e27a3faa5
  .claude/skills/tac-ux-mastergo/SKILL.md: sha256:f626c4e9ab85eae779b90ee6bf826a83af8caf6133c913b0050600d0fccdb517
  .claude/skills/tac-ux-mastergo/references/capability_registry.md: sha256:4c8012a92328a764a41ee5244682ce4c0161a5f1b1e47e74c4695356fcc1fdbf
  .claude/skills/tac-ux-mastergo/references/mode_a_workflow.md: sha256:e82734dd4ff59072dc08d5585edd7a420ea607ab53afe79c819c57906d587e34
  .claude/skills/tac-ux-mastergo/references/mode_b_workflow.md: sha256:f78c8dca9d5aea64745532922dce1079cb82b78652dfcdc35db39cdcf560628a
  .claude/skills/tac-ux-mastergo/references/mode_c_maintenance_workflow.md: sha256:54c56ae4367c262513a2d3e99a51fdb18244decbb8bafba478a8a4436d80550f
  .claude/skills/tac-ux-mastergo/references/operating_model.md: sha256:ccd60de069a885ee3411c31763ab245b0a3f16a006e5a9e298ff09125665de62
  .claude/skills/tac-ux-mastergo/references/repo_examples.md: sha256:0fc0b955ccdc6c1e9fd4b97b21c7fa222dd75be0099fc93c52bdd7fe4f5b64a9
  .claude/skills/tac-ux-mastergo/scripts/cache_dsl.py: sha256:473822255aa53b6444fc4cc3d2b12d920f0a35e9af4537aed113bf3b797535f5
  .claude/skills/tac-ux-mastergo/scripts/gen_confirmation_sheet.py: sha256:a9e2c7949cab97b74e9878dff2a2924dedc37558081263f19eec6f4146862c1a
  .claude/skills/tac-ux-mastergo/scripts/intake_layer_inventory.py: sha256:c448b14813c1d2ef61ed3db5f5e44588d837ff433b5c8fcdef7c6d6359295c47
  .claude/skills/tac-ux-mastergo/scripts/replay_confirmation.py: sha256:3b3a139736bec305ef2509b40b8c1eeb3f6d2f476898a879915ce85a8bf79c12
  .claude/skills/tac-ux-mastergo/scripts/validate_iteration.py: sha256:e11a4432882029db5e0b2127734ba143716671002eba969025423a6454bacc76
  .claude/skills/tac-ux-mastergo/scripts/validate_ux_gate.py: sha256:61151bc517d1685d1f54a776638b5a4bdca5d97ae27f6b6f310b28f63ded6a3c
  .claude/skills/tac-ux-mastergo/scripts/validate_ux_handoff.py: sha256:53fb5649f3028067bfc8f5bd96c8fc595fe22e12f1f5e7d51f2092164bf9d1b4
  .claude/skills/tac-ux-mastergo/templates/ux_confirmation_sheet_spec.md: sha256:ae22590145c25ac17bd032fa2a37ff4bf7d7a2ea250413521c73fd40163f9b8b
  .claude/skills/tac-ux-mastergo/templates/ux_handoff.md: sha256:4cf4789bd99834a67be7ccb892de98c994afef34835b0f36e04982c38c534a8e
  .claude/skills/tac-ux-mastergo/templates/ux_handoff_index.md: sha256:6a9eb779a62ceb2550b2b9ad76e883ed9d97557fbd3a6fac04ac755633b8d39d
